
Microsoft Visual Studio Solution File, Format Version 12.00
# Visual Studio 15
VisualStudioVersion = 15.0.28010.2048
MinimumVisualStudioVersion = 10.0.40219.1
Project("{FAE04EC0-301F-11D3-BF4B-00C04F79EFBC}") = "rawdata", "rawdata\rawdata.csproj", "{A5566051-2541-46A1-AFDE-0D3CC1427970}"
EndProject
Global
	GlobalSection(SolutionConfigurationPlatforms) = preSolution
		Debug|Any CPU = Debug|Any CPU
		Release|Any CPU = Release|Any CPU
	EndGlobalSection
	GlobalSection(ProjectConfigurationPlatforms) = postSolution
		{A5566051-2541-46A1-AFDE-0D3CC1427970}.Debug|Any CPU.ActiveCfg = Debug|Any CPU
		{A5566051-2541-46A1-AFDE-0D3CC1427970}.Debug|Any CPU.Build.0 = Debug|Any CPU
		{A5566051-2541-46A1-AFDE-0D3CC1427970}.Release|Any CPU.ActiveCfg = Release|Any CPU
		{A5566051-2541-46A1-AFDE-0D3CC1427970}.Release|Any CPU.Build.0 = Release|Any CPU
	EndGlobalSection
	GlobalSection(SolutionProperties) = preSolution
		HideSolutionNode = FALSE
	EndGlobalSection
	GlobalSection(ExtensibilityGlobals) = postSolution
		SolutionGuid = {F16F0E2F-0F9F-476C-AD55-950A3C88E347}
	EndGlobalSection
EndGlobal
